
Microsoft Visual Studio Solution File, Format Version 12.00
# Visual Studio Version 16
VisualStudioVersion = 16.0.30225.117
MinimumVisualStudioVersion = 10.0.40219.1
Project("{8BC9CEB8-8B4A-11D0-8D11-00A0C91BC942}") = "_Reference", "_Reference\_Reference.vcxproj", "{5CF37074-852D-498A-9E26-E9437AC42011}"
EndProject
Project("{8BC9CEB8-8B4A-11D0-8D11-00A0C91BC942}") = "RunawayTrainClient", "RunawayTrainClient\RunawayTrainClient.vcxproj", "{4A6A6AF2-A3CA-45B0-8C14-7C449A77B612}"
EndProject
Project("{8BC9CEB8-8B4A-11D0-8D11-00A0C91BC942}") = "RunawayTrainServer", "RunawayTrainServer\RunawayTrainServer.vcxproj", "{11845C05-BB56-4F2F-A1BC-8143FCCA8AD1}"
EndProject
Project("{8BC9CEB8-8B4A-11D0-8D11-00A0C91BC942}") = "TestServer", "TestServer\TestServer.vcxproj", "{72E53B67-12E1-4075-BE37-0307BAFD1A58}"
EndProject
Project("{8BC9CEB8-8B4A-11D0-8D11-00A0C91BC942}") = "TestClient", "TestClient\TestClient.vcxproj", "{38D0B9B6-1CD2-4D10-9661-E04FABBFBBBA}"
EndProject
Project("{8BC9CEB8-8B4A-11D0-8D11-00A0C91BC942}") = "TestClientWindows", "TestClientWindows\TestClientWindows.vcxproj", "{CF889528-CB45-4DFE-AF54-1EFC67850A37}"
EndProject
Global
	GlobalSection(SolutionConfigurationPlatforms) = preSolution
		Debug|ARM = Debug|ARM
		Debug|ARM64 = Debug|ARM64
		Debug|x64 = Debug|x64
		Debug|x86 = Debug|x86
		Release|ARM = Release|ARM
		Release|ARM64 = Release|ARM64
		Release|x64 = Release|x64
		Release|x86 = Release|x86
	EndGlobalSection
	GlobalSection(ProjectConfigurationPlatforms) = postSolution
		{5CF37074-852D-498A-9E26-E9437AC42011}.Debug|ARM.ActiveCfg = Debug|Win32
		{5CF37074-852D-498A-9E26-E9437AC42011}.Debug|ARM64.ActiveCfg = Debug|Win32
		{5CF37074-852D-498A-9E26-E9437AC42011}.Debug|x64.ActiveCfg = Debug|x64
		{5CF37074-852D-498A-9E26-E9437AC42011}.Debug|x64.Build.0 = Debug|x64
		{5CF37074-852D-498A-9E26-E9437AC42011}.Debug|x86.ActiveCfg = Debug|Win32
		{5CF37074-852D-498A-9E26-E9437AC42011}.Debug|x86.Build.0 = Debug|Win32
		{5CF37074-852D-498A-9E26-E9437AC42011}.Release|ARM.ActiveCfg = Release|Win32
		{5CF37074-852D-498A-9E26-E9437AC42011}.Release|ARM64.ActiveCfg = Release|Win32
		{5CF37074-852D-498A-9E26-E9437AC42011}.Release|x64.ActiveCfg = Release|x64
		{5CF37074-852D-498A-9E26-E9437AC42011}.Release|x64.Build.0 = Release|x64
		{5CF37074-852D-498A-9E26-E9437AC42011}.Release|x86.ActiveCfg = Release|Win32
		{5CF37074-852D-498A-9E26-E9437AC42011}.Release|x86.Build.0 = Release|Win32
		{4A6A6AF2-A3CA-45B0-8C14-7C449A77B612}.Debug|ARM.ActiveCfg = Debug|ARM
		{4A6A6AF2-A3CA-45B0-8C14-7C449A77B612}.Debug|ARM.Build.0 = Debug|ARM
		{4A6A6AF2-A3CA-45B0-8C14-7C449A77B612}.Debug|ARM.Deploy.0 = Debug|ARM
		{4A6A6AF2-A3CA-45B0-8C14-7C449A77B612}.Debug|ARM64.ActiveCfg = Debug|ARM64
		{4A6A6AF2-A3CA-45B0-8C14-7C449A77B612}.Debug|ARM64.Build.0 = Debug|ARM64
		{4A6A6AF2-A3CA-45B0-8C14-7C449A77B612}.Debug|ARM64.Deploy.0 = Debug|ARM64
		{4A6A6AF2-A3CA-45B0-8C14-7C449A77B612}.Debug|x64.ActiveCfg = Debug|x64
		{4A6A6AF2-A3CA-45B0-8C14-7C449A77B612}.Debug|x64.Build.0 = Debug|x64
		{4A6A6AF2-A3CA-45B0-8C14-7C449A77B612}.Debug|x64.Deploy.0 = Debug|x64
		{4A6A6AF2-A3CA-45B0-8C14-7C449A77B612}.Debug|x86.ActiveCfg = Debug|x86
		{4A6A6AF2-A3CA-45B0-8C14-7C449A77B612}.Debug|x86.Build.0 = Debug|x86
		{4A6A6AF2-A3CA-45B0-8C14-7C449A77B612}.Debug|x86.Deploy.0 = Debug|x86
		{4A6A6AF2-A3CA-45B0-8C14-7C449A77B612}.Release|ARM.ActiveCfg = Release|ARM
		{4A6A6AF2-A3CA-45B0-8C14-7C449A77B612}.Release|ARM.Build.0 = Release|ARM
		{4A6A6AF2-A3CA-45B0-8C14-7C449A77B612}.Release|ARM.Deploy.0 = Release|ARM
		{4A6A6AF2-A3CA-45B0-8C14-7C449A77B612}.Release|ARM64.ActiveCfg = Release|ARM64
		{4A6A6AF2-A3CA-45B0-8C14-7C449A77B612}.Release|ARM64.Build.0 = Release|ARM64
		{4A6A6AF2-A3CA-45B0-8C14-7C449A77B612}.Release|ARM64.Deploy.0 = Release|ARM64
		{4A6A6AF2-A3CA-45B0-8C14-7C449A77B612}.Release|x64.ActiveCfg = Release|x64
		{4A6A6AF2-A3CA-45B0-8C14-7C449A77B612}.Release|x64.Build.0 = Release|x64
		{4A6A6AF2-A3CA-45B0-8C14-7C449A77B612}.Release|x64.Deploy.0 = Release|x64
		{4A6A6AF2-A3CA-45B0-8C14-7C449A77B612}.Release|x86.ActiveCfg = Release|x86
		{4A6A6AF2-A3CA-45B0-8C14-7C449A77B612}.Release|x86.Build.0 = Release|x86
		{4A6A6AF2-A3CA-45B0-8C14-7C449A77B612}.Release|x86.Deploy.0 = Release|x86
		{11845C05-BB56-4F2F-A1BC-8143FCCA8AD1}.Debug|ARM.ActiveCfg = Debug|Win32
		{11845C05-BB56-4F2F-A1BC-8143FCCA8AD1}.Debug|ARM64.ActiveCfg = Debug|Win32
		{11845C05-BB56-4F2F-A1BC-8143FCCA8AD1}.Debug|x64.ActiveCfg = Debug|x64
		{11845C05-BB56-4F2F-A1BC-8143FCCA8AD1}.Debug|x64.Build.0 = Debug|x64
		{11845C05-BB56-4F2F-A1BC-8143FCCA8AD1}.Debug|x86.ActiveCfg = Debug|Win32
		{11845C05-BB56-4F2F-A1BC-8143FCCA8AD1}.Debug|x86.Build.0 = Debug|Win32
		{11845C05-BB56-4F2F-A1BC-8143FCCA8AD1}.Release|ARM.ActiveCfg = Release|Win32
		{11845C05-BB56-4F2F-A1BC-8143FCCA8AD1}.Release|ARM64.ActiveCfg = Release|Win32
		{11845C05-BB56-4F2F-A1BC-8143FCCA8AD1}.Release|x64.ActiveCfg = Release|x64
		{11845C05-BB56-4F2F-A1BC-8143FCCA8AD1}.Release|x64.Build.0 = Release|x64
		{11845C05-BB56-4F2F-A1BC-8143FCCA8AD1}.Release|x86.ActiveCfg = Release|Win32
		{11845C05-BB56-4F2F-A1BC-8143FCCA8AD1}.Release|x86.Build.0 = Release|Win32
		{72E53B67-12E1-4075-BE37-0307BAFD1A58}.Debug|ARM.ActiveCfg = Debug|Win32
		{72E53B67-12E1-4075-BE37-0307BAFD1A58}.Debug|ARM64.ActiveCfg = Debug|Win32
		{72E53B67-12E1-4075-BE37-0307BAFD1A58}.Debug|x64.ActiveCfg = Debug|x64
		{72E53B67-12E1-4075-BE37-0307BAFD1A58}.Debug|x64.Build.0 = Debug|x64
		{72E53B67-12E1-4075-BE37-0307BAFD1A58}.Debug|x86.ActiveCfg = Debug|Win32
		{72E53B67-12E1-4075-BE37-0307BAFD1A58}.Debug|x86.Build.0 = Debug|Win32
		{72E53B67-12E1-4075-BE37-0307BAFD1A58}.Release|ARM.ActiveCfg = Release|Win32
		{72E53B67-12E1-4075-BE37-0307BAFD1A58}.Release|ARM64.ActiveCfg = Release|Win32
		{72E53B67-12E1-4075-BE37-0307BAFD1A58}.Release|x64.ActiveCfg = Release|x64
		{72E53B67-12E1-4075-BE37-0307BAFD1A58}.Release|x64.Build.0 = Release|x64
		{72E53B67-12E1-4075-BE37-0307BAFD1A58}.Release|x86.ActiveCfg = Release|Win32
		{72E53B67-12E1-4075-BE37-0307BAFD1A58}.Release|x86.Build.0 = Release|Win32
		{38D0B9B6-1CD2-4D10-9661-E04FABBFBBBA}.Debug|ARM.ActiveCfg = Debug|ARM
		{38D0B9B6-1CD2-4D10-9661-E04FABBFBBBA}.Debug|ARM.Build.0 = Debug|ARM
		{38D0B9B6-1CD2-4D10-9661-E04FABBFBBBA}.Debug|ARM.Deploy.0 = Debug|ARM
		{38D0B9B6-1CD2-4D10-9661-E04FABBFBBBA}.Debug|ARM64.ActiveCfg = Debug|ARM64
		{38D0B9B6-1CD2-4D10-9661-E04FABBFBBBA}.Debug|ARM64.Build.0 = Debug|ARM64
		{38D0B9B6-1CD2-4D10-9661-E04FABBFBBBA}.Debug|ARM64.Deploy.0 = Debug|ARM64
		{38D0B9B6-1CD2-4D10-9661-E04FABBFBBBA}.Debug|x64.ActiveCfg = Debug|x64
		{38D0B9B6-1CD2-4D10-9661-E04FABBFBBBA}.Debug|x64.Build.0 = Debug|x64
		{38D0B9B6-1CD2-4D10-9661-E04FABBFBBBA}.Debug|x64.Deploy.0 = Debug|x64
		{38D0B9B6-1CD2-4D10-9661-E04FABBFBBBA}.Debug|x86.ActiveCfg = Debug|x86
		{38D0B9B6-1CD2-4D10-9661-E04FABBFBBBA}.Debug|x86.Build.0 = Debug|x86
		{38D0B9B6-1CD2-4D10-9661-E04FABBFBBBA}.Debug|x86.Deploy.0 = Debug|x86
		{38D0B9B6-1CD2-4D10-9661-E04FABBFBBBA}.Release|ARM.ActiveCfg = Release|ARM
		{38D0B9B6-1CD2-4D10-9661-E04FABBFBBBA}.Release|ARM.Build.0 = Release|ARM
		{38D0B9B6-1CD2-4D10-9661-E04FABBFBBBA}.Release|ARM.Deploy.0 = Release|ARM
		{38D0B9B6-1CD2-4D10-9661-E04FABBFBBBA}.Release|ARM64.ActiveCfg = Release|ARM64
		{38D0B9B6-1CD2-4D10-9661-E04FABBFBBBA}.Release|ARM64.Build.0 = Release|ARM64
		{38D0B9B6-1CD2-4D10-9661-E04FABBFBBBA}.Release|ARM64.Deploy.0 = Release|ARM64
		{38D0B9B6-1CD2-4D10-9661-E04FABBFBBBA}.Release|x64.ActiveCfg = Release|x64
		{38D0B9B6-1CD2-4D10-9661-E04FABBFBBBA}.Release|x64.Build.0 = Release|x64
		{38D0B9B6-1CD2-4D10-9661-E04FABBFBBBA}.Release|x64.Deploy.0 = Release|x64
		{38D0B9B6-1CD2-4D10-9661-E04FABBFBBBA}.Release|x86.ActiveCfg = Release|x86
		{38D0B9B6-1CD2-4D10-9661-E04FABBFBBBA}.Release|x86.Build.0 = Release|x86
		{38D0B9B6-1CD2-4D10-9661-E04FABBFBBBA}.Release|x86.Deploy.0 = Release|x86
		{CF889528-CB45-4DFE-AF54-1EFC67850A37}.Debug|ARM.ActiveCfg = Debug|Win32
		{CF889528-CB45-4DFE-AF54-1EFC67850A37}.Debug|ARM64.ActiveCfg = Debug|Win32
		{CF889528-CB45-4DFE-AF54-1EFC67850A37}.Debug|x64.ActiveCfg = Debug|x64
		{CF889528-CB45-4DFE-AF54-1EFC67850A37}.Debug|x64.Build.0 = Debug|x64
		{CF889528-CB45-4DFE-AF54-1EFC67850A37}.Debug|x86.ActiveCfg = Debug|Win32
		{CF889528-CB45-4DFE-AF54-1EFC67850A37}.Debug|x86.Build.0 = Debug|Win32
		{CF889528-CB45-4DFE-AF54-1EFC67850A37}.Release|ARM.ActiveCfg = Release|Win32
		{CF889528-CB45-4DFE-AF54-1EFC67850A37}.Release|ARM64.ActiveCfg = Release|Win32
		{CF889528-CB45-4DFE-AF54-1EFC67850A37}.Release|x64.ActiveCfg = Release|x64
		{CF889528-CB45-4DFE-AF54-1EFC67850A37}.Release|x64.Build.0 = Release|x64
		{CF889528-CB45-4DFE-AF54-1EFC67850A37}.Release|x86.ActiveCfg = Release|Win32
		{CF889528-CB45-4DFE-AF54-1EFC67850A37}.Release|x86.Build.0 = Release|Win32
	EndGlobalSection
	GlobalSection(SolutionProperties) = preSolution
		HideSolutionNode = FALSE
	EndGlobalSection
	GlobalSection(ExtensibilityGlobals) = postSolution
		SolutionGuid = {5F00EE19-8036-4A08-AB03-CBE20E253475}
	EndGlobalSection
EndGlobal
