
Microsoft Visual Studio Solution File, Format Version 12.00
# Visual Studio Version 16
VisualStudioVersion = 16.0.30225.117
MinimumVisualStudioVersion = 10.0.40219.1
Project("{8BC9CEB8-8B4A-11D0-8D11-00A0C91BC942}") = "Windows", "Windows\Windows.vcxproj", "{DCE38127-3A59-4DBC-9942-3910C3A9E1A5}"
EndProject
Project("{8BC9CEB8-8B4A-11D0-8D11-00A0C91BC942}") = "_Reference", "_Reference\_Reference.vcxproj", "{5CF37074-852D-498A-9E26-E9437AC42011}"
EndProject
Project("{8BC9CEB8-8B4A-11D0-8D11-00A0C91BC942}") = "Linux", "Linux\Linux.vcxproj", "{776EC306-491A-481B-880E-65DA359BE484}"
EndProject
Global
	GlobalSection(SolutionConfigurationPlatforms) = preSolution
		Debug|ARM = Debug|ARM
		Debug|ARM64 = Debug|ARM64
		Debug|x64 = Debug|x64
		Debug|x86 = Debug|x86
		Release|ARM = Release|ARM
		Release|ARM64 = Release|ARM64
		Release|x64 = Release|x64
		Release|x86 = Release|x86
	EndGlobalSection
	GlobalSection(ProjectConfigurationPlatforms) = postSolution
		{DCE38127-3A59-4DBC-9942-3910C3A9E1A5}.Debug|ARM.ActiveCfg = Debug|Win32
		{DCE38127-3A59-4DBC-9942-3910C3A9E1A5}.Debug|ARM64.ActiveCfg = Debug|Win32
		{DCE38127-3A59-4DBC-9942-3910C3A9E1A5}.Debug|x64.ActiveCfg = Debug|x64
		{DCE38127-3A59-4DBC-9942-3910C3A9E1A5}.Debug|x64.Build.0 = Debug|x64
		{DCE38127-3A59-4DBC-9942-3910C3A9E1A5}.Debug|x86.ActiveCfg = Debug|Win32
		{DCE38127-3A59-4DBC-9942-3910C3A9E1A5}.Debug|x86.Build.0 = Debug|Win32
		{DCE38127-3A59-4DBC-9942-3910C3A9E1A5}.Release|ARM.ActiveCfg = Release|Win32
		{DCE38127-3A59-4DBC-9942-3910C3A9E1A5}.Release|ARM64.ActiveCfg = Release|Win32
		{DCE38127-3A59-4DBC-9942-3910C3A9E1A5}.Release|x64.ActiveCfg = Release|x64
		{DCE38127-3A59-4DBC-9942-3910C3A9E1A5}.Release|x64.Build.0 = Release|x64
		{DCE38127-3A59-4DBC-9942-3910C3A9E1A5}.Release|x86.ActiveCfg = Release|Win32
		{DCE38127-3A59-4DBC-9942-3910C3A9E1A5}.Release|x86.Build.0 = Release|Win32
		{5CF37074-852D-498A-9E26-E9437AC42011}.Debug|ARM.ActiveCfg = Debug|Win32
		{5CF37074-852D-498A-9E26-E9437AC42011}.Debug|ARM64.ActiveCfg = Debug|Win32
		{5CF37074-852D-498A-9E26-E9437AC42011}.Debug|x64.ActiveCfg = Debug|x64
		{5CF37074-852D-498A-9E26-E9437AC42011}.Debug|x64.Build.0 = Debug|x64
		{5CF37074-852D-498A-9E26-E9437AC42011}.Debug|x86.ActiveCfg = Debug|Win32
		{5CF37074-852D-498A-9E26-E9437AC42011}.Debug|x86.Build.0 = Debug|Win32
		{5CF37074-852D-498A-9E26-E9437AC42011}.Release|ARM.ActiveCfg = Release|Win32
		{5CF37074-852D-498A-9E26-E9437AC42011}.Release|ARM64.ActiveCfg = Release|Win32
		{5CF37074-852D-498A-9E26-E9437AC42011}.Release|x64.ActiveCfg = Release|x64
		{5CF37074-852D-498A-9E26-E9437AC42011}.Release|x64.Build.0 = Release|x64
		{5CF37074-852D-498A-9E26-E9437AC42011}.Release|x86.ActiveCfg = Release|Win32
		{5CF37074-852D-498A-9E26-E9437AC42011}.Release|x86.Build.0 = Release|Win32
		{776EC306-491A-481B-880E-65DA359BE484}.Debug|ARM.ActiveCfg = Debug|ARM
		{776EC306-491A-481B-880E-65DA359BE484}.Debug|ARM.Build.0 = Debug|ARM
		{776EC306-491A-481B-880E-65DA359BE484}.Debug|ARM.Deploy.0 = Debug|ARM
		{776EC306-491A-481B-880E-65DA359BE484}.Debug|ARM64.ActiveCfg = Debug|ARM64
		{776EC306-491A-481B-880E-65DA359BE484}.Debug|ARM64.Build.0 = Debug|ARM64
		{776EC306-491A-481B-880E-65DA359BE484}.Debug|ARM64.Deploy.0 = Debug|ARM64
		{776EC306-491A-481B-880E-65DA359BE484}.Debug|x64.ActiveCfg = Debug|ARM
		{776EC306-491A-481B-880E-65DA359BE484}.Debug|x86.ActiveCfg = Debug|ARM
		{776EC306-491A-481B-880E-65DA359BE484}.Release|ARM.ActiveCfg = Release|ARM
		{776EC306-491A-481B-880E-65DA359BE484}.Release|ARM.Build.0 = Release|ARM
		{776EC306-491A-481B-880E-65DA359BE484}.Release|ARM.Deploy.0 = Release|ARM
		{776EC306-491A-481B-880E-65DA359BE484}.Release|ARM64.ActiveCfg = Release|ARM64
		{776EC306-491A-481B-880E-65DA359BE484}.Release|ARM64.Build.0 = Release|ARM64
		{776EC306-491A-481B-880E-65DA359BE484}.Release|ARM64.Deploy.0 = Release|ARM64
		{776EC306-491A-481B-880E-65DA359BE484}.Release|x64.ActiveCfg = Release|ARM
		{776EC306-491A-481B-880E-65DA359BE484}.Release|x86.ActiveCfg = Release|ARM
	EndGlobalSection
	GlobalSection(SolutionProperties) = preSolution
		HideSolutionNode = FALSE
	EndGlobalSection
	GlobalSection(ExtensibilityGlobals) = postSolution
		SolutionGuid = {5F00EE19-8036-4A08-AB03-CBE20E253475}
	EndGlobalSection
EndGlobal
