<?xml version="1.0" encoding="utf-8"?>
<Project ToolsVersion="4.0" xmlns="http://schemas.microsoft.com/developer/msbuild/2003">
  <ItemGroup>
    <ClCompile Include="RunawayTrainServer.cpp" />
    <ClCompile Include="..\Utility\TCP.cpp" />
    <ClCompile Include="..\Utility\Console.cpp" />
    <ClCompile Include="..\Utility\Keyboard.cpp" />
  </ItemGroup>
  <ItemGroup>
    <ClInclude Include="..\Utility\TCP.h" />
    <ClInclude Include="..\Utility\Console.h" />
    <ClInclude Include="..\Utility\Keyboard.h" />
  </ItemGroup>
</Project>